
Microsoft Visual Studio Solution File, Format Version 12.00
# Visual Studio Version 17
VisualStudioVersion = 17.11.35312.102
MinimumVisualStudioVersion = 10.0.40219.1
Project("{FAE04EC0-301F-11D3-BF4B-00C04F79EFBC}") = "MVC - gestao de investimentos", "MVC - gestao de investimentos.csproj", "{2A7F48F6-1D9D-481A-9DF7-64D72C26A2BB}"
EndProject
Global
	GlobalSection(SolutionConfigurationPlatforms) = preSolution
		Debug|Any CPU = Debug|Any CPU
		Release|Any CPU = Release|Any CPU
	EndGlobalSection
	GlobalSection(ProjectConfigurationPlatforms) = postSolution
		{2A7F48F6-1D9D-481A-9DF7-64D72C26A2BB}.Debug|Any CPU.ActiveCfg = Debug|Any CPU
		{2A7F48F6-1D9D-481A-9DF7-64D72C26A2BB}.Debug|Any CPU.Build.0 = Debug|Any CPU
		{2A7F48F6-1D9D-481A-9DF7-64D72C26A2BB}.Release|Any CPU.ActiveCfg = Release|Any CPU
		{2A7F48F6-1D9D-481A-9DF7-64D72C26A2BB}.Release|Any CPU.Build.0 = Release|Any CPU
	EndGlobalSection
	GlobalSection(SolutionProperties) = preSolution
		HideSolutionNode = FALSE
	EndGlobalSection
	GlobalSection(ExtensibilityGlobals) = postSolution
		SolutionGuid = {2689AD3C-E6D1-4C35-B59F-4E2D217FC281}
	EndGlobalSection
EndGlobal
